
Microsoft Visual Studio Solution File, Format Version 12.00
# Visual Studio Version 17
VisualStudioVersion = 17.11.35312.102
MinimumVisualStudioVersion = 10.0.40219.1
Project("{FAE04EC0-301F-11D3-BF4B-00C04F79EFBC}") = "C#EgitimKampi301.EntityLayer", "C#EgitimKampi301.EntityLayer\C#EgitimKampi301.EntityLayer.csproj", "{8CBDC561-E343-4EC7-9ECC-6E6D5C4B5531}"
EndProject
Project("{FAE04EC0-301F-11D3-BF4B-00C04F79EFBC}") = "C#EgitimKampi301.DataAccessLayer", "C#EgitimKampi301.DataAccessLayer\C#EgitimKampi301.DataAccessLayer.csproj", "{C0787A28-D4C5-43FC-930A-2B37ED045835}"
EndProject
Project("{FAE04EC0-301F-11D3-BF4B-00C04F79EFBC}") = "C#EgitimKampi301.BusinessLayer", "C#EgitimKampi301.BusinessLayer\C#EgitimKampi301.BusinessLayer.csproj", "{DF2220EA-CEFB-454C-8E63-3D2E391A75E2}"
EndProject
Project("{FAE04EC0-301F-11D3-BF4B-00C04F79EFBC}") = "C#EgitimKampi301.PresentationLayer", "C#EgitimKampi301.PresentationLayer\C#EgitimKampi301.PresentationLayer.csproj", "{D4E8E121-2FAC-4204-B6CF-3FDA7EDF7806}"
EndProject
Global
	GlobalSection(SolutionConfigurationPlatforms) = preSolution
		Debug|Any CPU = Debug|Any CPU
		Release|Any CPU = Release|Any CPU
	EndGlobalSection
	GlobalSection(ProjectConfigurationPlatforms) = postSolution
		{8CBDC561-E343-4EC7-9ECC-6E6D5C4B5531}.Debug|Any CPU.ActiveCfg = Debug|Any CPU
		{8CBDC561-E343-4EC7-9ECC-6E6D5C4B5531}.Debug|Any CPU.Build.0 = Debug|Any CPU
		{8CBDC561-E343-4EC7-9ECC-6E6D5C4B5531}.Release|Any CPU.ActiveCfg = Release|Any CPU
		{8CBDC561-E343-4EC7-9ECC-6E6D5C4B5531}.Release|Any CPU.Build.0 = Release|Any CPU
		{C0787A28-D4C5-43FC-930A-2B37ED045835}.Debug|Any CPU.ActiveCfg = Debug|Any CPU
		{C0787A28-D4C5-43FC-930A-2B37ED045835}.Debug|Any CPU.Build.0 = Debug|Any CPU
		{C0787A28-D4C5-43FC-930A-2B37ED045835}.Release|Any CPU.ActiveCfg = Release|Any CPU
		{C0787A28-D4C5-43FC-930A-2B37ED045835}.Release|Any CPU.Build.0 = Release|Any CPU
		{DF2220EA-CEFB-454C-8E63-3D2E391A75E2}.Debug|Any CPU.ActiveCfg = Debug|Any CPU
		{DF2220EA-CEFB-454C-8E63-3D2E391A75E2}.Debug|Any CPU.Build.0 = Debug|Any CPU
		{DF2220EA-CEFB-454C-8E63-3D2E391A75E2}.Release|Any CPU.ActiveCfg = Release|Any CPU
		{DF2220EA-CEFB-454C-8E63-3D2E391A75E2}.Release|Any CPU.Build.0 = Release|Any CPU
		{D4E8E121-2FAC-4204-B6CF-3FDA7EDF7806}.Debug|Any CPU.ActiveCfg = Debug|Any CPU
		{D4E8E121-2FAC-4204-B6CF-3FDA7EDF7806}.Debug|Any CPU.Build.0 = Debug|Any CPU
		{D4E8E121-2FAC-4204-B6CF-3FDA7EDF7806}.Release|Any CPU.ActiveCfg = Release|Any CPU
		{D4E8E121-2FAC-4204-B6CF-3FDA7EDF7806}.Release|Any CPU.Build.0 = Release|Any CPU
	EndGlobalSection
	GlobalSection(SolutionProperties) = preSolution
		HideSolutionNode = FALSE
	EndGlobalSection
	GlobalSection(ExtensibilityGlobals) = postSolution
		SolutionGuid = {9080564D-1B83-4EC3-A57E-DA671ACF93D8}
	EndGlobalSection
EndGlobal
